// !$*UTF8*$!
{
	archiveVersion = 1;
	classes = {
	};
	objectVersion = 56;
	objects = {

/* Begin PBXBuildFile section */
		3F3BE6122B54024300999B9C /* MenuButtons.swift in Sources */ = {isa = PBXBuildFile; fileRef = 3F3BE6112B54024300999B9C /* MenuButtons.swift */; };
		3F6B1B0E2B548D24001A68D3 /* Player.swift in Sources */ = {isa = PBXBuildFile; fileRef = 3F6B1B0D2B548D24001A68D3 /* Player.swift */; };
		3FA016812B28B1E40063F3DD /* BlackjackAndHookersApp.swift in Sources */ = {isa = PBXBuildFile; fileRef = 3FA016802B28B1E40063F3DD /* BlackjackAndHookersApp.swift */; };
		3FA016832B28B1E40063F3DD /* ContentView.swift in Sources */ = {isa = PBXBuildFile; fileRef = 3FA016822B28B1E40063F3DD /* ContentView.swift */; };
		3FA016852B28B1E50063F3DD /* Assets.xcassets in Resources */ = {isa = PBXBuildFile; fileRef = 3FA016842B28B1E50063F3DD /* Assets.xcassets */; };
		3FA016882B28B1E50063F3DD /* Preview Assets.xcassets in Resources */ = {isa = PBXBuildFile; fileRef = 3FA016872B28B1E50063F3DD /* Preview Assets.xcassets */; };
		3FA016922B28B1E50063F3DD /* BlackjackAndHookersTests.swift in Sources */ = {isa = PBXBuildFile; fileRef = 3FA016912B28B1E50063F3DD /* BlackjackAndHookersTests.swift */; };
		3FA0169C2B28B1E50063F3DD /* BlackjackAndHookersUITests.swift in Sources */ = {isa = PBXBuildFile; fileRef = 3FA0169B2B28B1E50063F3DD /* BlackjackAndHookersUITests.swift */; };
		3FA0169E2B28B1E50063F3DD /* BlackjackAndHookersUITestsLaunchTests.swift in Sources */ = {isa = PBXBuildFile; fileRef = 3FA0169D2B28B1E50063F3DD /* BlackjackAndHookersUITestsLaunchTests.swift */; };
		3FA016AB2B28B4970063F3DD /* TitleScreen.swift in Sources */ = {isa = PBXBuildFile; fileRef = 3FA016AA2B28B4970063F3DD /* TitleScreen.swift */; };
		3FA016AD2B28B7370063F3DD /* CardView.swift in Sources */ = {isa = PBXBuildFile; fileRef = 3FA016AC2B28B7370063F3DD /* CardView.swift */; };
		3FA016AF2B28BF140063F3DD /* BlackjackGameView.swift in Sources */ = {isa = PBXBuildFile; fileRef = 3FA016AE2B28BF140063F3DD /* BlackjackGameView.swift */; };
		3FA016B12B28C57D0063F3DD /* BlackjackGameViewModel.swift in Sources */ = {isa = PBXBuildFile; fileRef = 3FA016B02B28C57D0063F3DD /* BlackjackGameViewModel.swift */; };
		3FD729652B31EE4F00DABFE8 /* DeckVIew.swift in Sources */ = {isa = PBXBuildFile; fileRef = 3FD729642B31EE4F00DABFE8 /* DeckVIew.swift */; };
		3FF7529A2B55B6E100366A05 /* PlayerHand.swift in Sources */ = {isa = PBXBuildFile; fileRef = 3FF752992B55B6E100366A05 /* PlayerHand.swift */; };
		3FFCA9192B55FC6600F71441 /* DealerHand.swift in Sources */ = {isa = PBXBuildFile; fileRef = 3FFCA9182B55FC6600F71441 /* DealerHand.swift */; };
		3FFCA91B2B560B1E00F71441 /* ResetButtons.swift in Sources */ = {isa = PBXBuildFile; fileRef = 3FFCA91A2B560B1E00F71441 /* ResetButtons.swift */; };
/* End PBXBuildFile section */

/* Begin PBXContainerItemProxy section */
		3FA0168E2B28B1E50063F3DD /* PBXContainerItemProxy */ = {
			isa = PBXContainerItemProxy;
			containerPortal = 3FA016752B28B1E40063F3DD /* Project object */;
			proxyType = 1;
			remoteGlobalIDString = 3FA0167C2B28B1E40063F3DD;
			remoteInfo = BlackjackAndHookers;
		};
		3FA016982B28B1E50063F3DD /* PBXContainerItemProxy */ = {
			isa = PBXContainerItemProxy;
			containerPortal = 3FA016752B28B1E40063F3DD /* Project object */;
			proxyType = 1;
			remoteGlobalIDString = 3FA0167C2B28B1E40063F3DD;
			remoteInfo = BlackjackAndHookers;
		};
/* End PBXContainerItemProxy section */

/* Begin PBXFileReference section */
		3F3BE6112B54024300999B9C /* MenuButtons.swift */ = {isa = PBXFileReference; lastKnownFileType = sourcecode.swift; path = MenuButtons.swift; sourceTree = "<group>"; };
		3F6B1B0D2B548D24001A68D3 /* Player.swift */ = {isa = PBXFileReference; lastKnownFileType = sourcecode.swift; path = Player.swift; sourceTree = "<group>"; };
		3FA0167D2B28B1E40063F3DD /* BlackjackAndHookers.app */ = {isa = PBXFileReference; explicitFileType = wrapper.application; includeInIndex = 0; path = BlackjackAndHookers.app; sourceTree = BUILT_PRODUCTS_DIR; };
		3FA016802B28B1E40063F3DD /* BlackjackAndHookersApp.swift */ = {isa = PBXFileReference; lastKnownFileType = sourcecode.swift; path = BlackjackAndHookersApp.swift; sourceTree = "<group>"; };
		3FA016822B28B1E40063F3DD /* ContentView.swift */ = {isa = PBXFileReference; lastKnownFileType = sourcecode.swift; path = ContentView.swift; sourceTree = "<group>"; };
		3FA016842B28B1E50063F3DD /* Assets.xcassets */ = {isa = PBXFileReference; lastKnownFileType = folder.assetcatalog; path = Assets.xcassets; sourceTree = "<group>"; };
		3FA016872B28B1E50063F3DD /* Preview Assets.xcassets */ = {isa = PBXFileReference; lastKnownFileType = folder.assetcatalog; path = "Preview Assets.xcassets"; sourceTree = "<group>"; };
		3FA0168D2B28B1E50063F3DD /* BlackjackAndHookersTests.xctest */ = {isa = PBXFileReference; explicitFileType = wrapper.cfbundle; includeInIndex = 0; path = BlackjackAndHookersTests.xctest; sourceTree = BUILT_PRODUCTS_DIR; };
		3FA016912B28B1E50063F3DD /* BlackjackAndHookersTests.swift */ = {isa = PBXFileReference; lastKnownFileType = sourcecode.swift; path = BlackjackAndHookersTests.swift; sourceTree = "<group>"; };
		3FA016972B28B1E50063F3DD /* BlackjackAndHookersUITests.xctest */ = {isa = PBXFileReference; explicitFileType = wrapper.cfbundle; includeInIndex = 0; path = BlackjackAndHookersUITests.xctest; sourceTree = BUILT_PRODUCTS_DIR; };
		3FA0169B2B28B1E50063F3DD /* BlackjackAndHookersUITests.swift */ = {isa = PBXFileReference; lastKnownFileType = sourcecode.swift; path = BlackjackAndHookersUITests.swift; sourceTree = "<group>"; };
		3FA0169D2B28B1E50063F3DD /* BlackjackAndHookersUITestsLaunchTests.swift */ = {isa = PBXFileReference; lastKnownFileType = sourcecode.swift; path = BlackjackAndHookersUITestsLaunchTests.swift; sourceTree = "<group>"; };
		3FA016AA2B28B4970063F3DD /* TitleScreen.swift */ = {isa = PBXFileReference; lastKnownFileType = sourcecode.swift; path = TitleScreen.swift; sourceTree = "<group>"; };
		3FA016AC2B28B7370063F3DD /* CardView.swift */ = {isa = PBXFileReference; lastKnownFileType = sourcecode.swift; path = CardView.swift; sourceTree = "<group>"; };
		3FA016AE2B28BF140063F3DD /* BlackjackGameView.swift */ = {isa = PBXFileReference; lastKnownFileType = sourcecode.swift; path = BlackjackGameView.swift; sourceTree = "<group>"; };
		3FA016B02B28C57D0063F3DD /* BlackjackGameViewModel.swift */ = {isa = PBXFileReference; lastKnownFileType = sourcecode.swift; path = BlackjackGameViewModel.swift; sourceTree = "<group>"; };
		3FD729642B31EE4F00DABFE8 /* DeckVIew.swift */ = {isa = PBXFileReference; lastKnownFileType = sourcecode.swift; path = DeckVIew.swift; sourceTree = "<group>"; };
		3FF752992B55B6E100366A05 /* PlayerHand.swift */ = {isa = PBXFileReference; lastKnownFileType = sourcecode.swift; path = PlayerHand.swift; sourceTree = "<group>"; };
		3FFCA9182B55FC6600F71441 /* DealerHand.swift */ = {isa = PBXFileReference; lastKnownFileType = sourcecode.swift; path = DealerHand.swift; sourceTree = "<group>"; };
		3FFCA91A2B560B1E00F71441 /* ResetButtons.swift */ = {isa = PBXFileReference; lastKnownFileType = sourcecode.swift; path = ResetButtons.swift; sourceTree = "<group>"; };
/* End PBXFileReference section */

/* Begin PBXFrameworksBuildPhase section */
		3FA0167A2B28B1E40063F3DD /* Frameworks */ = {
			isa = PBXFrameworksBuildPhase;
			buildActionMask = 2147483647;
			files = (
			);
			runOnlyForDeploymentPostprocessing = 0;
		};
		3FA0168A2B28B1E50063F3DD /* Frameworks */ = {
			isa = PBXFrameworksBuildPhase;
			buildActionMask = 2147483647;
			files = (
			);
			runOnlyForDeploymentPostprocessing = 0;
		};
		3FA016942B28B1E50063F3DD /* Frameworks */ = {
			isa = PBXFrameworksBuildPhase;
			buildActionMask = 2147483647;
			files = (
			);
			runOnlyForDeploymentPostprocessing = 0;
		};
/* End PBXFrameworksBuildPhase section */

/* Begin PBXGroup section */
		3FA016742B28B1E40063F3DD = {
			isa = PBXGroup;
			children = (
				3FA0167F2B28B1E40063F3DD /* BlackjackAndHookers */,
				3FA016902B28B1E50063F3DD /* BlackjackAndHookersTests */,
				3FA0169A2B28B1E50063F3DD /* BlackjackAndHookersUITests */,
				3FA0167E2B28B1E40063F3DD /* Products */,
			);
			sourceTree = "<group>";
		};
		3FA0167E2B28B1E40063F3DD /* Products */ = {
			isa = PBXGroup;
			children = (
				3FA0167D2B28B1E40063F3DD /* BlackjackAndHookers.app */,
				3FA0168D2B28B1E50063F3DD /* BlackjackAndHookersTests.xctest */,
				3FA016972B28B1E50063F3DD /* BlackjackAndHookersUITests.xctest */,
			);
			name = Products;
			sourceTree = "<group>";
		};
		3FA0167F2B28B1E40063F3DD /* BlackjackAndHookers */ = {
			isa = PBXGroup;
			children = (
				3FA016802B28B1E40063F3DD /* BlackjackAndHookersApp.swift */,
				3FA016822B28B1E40063F3DD /* ContentView.swift */,
				3FFCA9182B55FC6600F71441 /* DealerHand.swift */,
				3FA016AA2B28B4970063F3DD /* TitleScreen.swift */,
				3FA016AC2B28B7370063F3DD /* CardView.swift */,
				3FA016AE2B28BF140063F3DD /* BlackjackGameView.swift */,
				3F6B1B0D2B548D24001A68D3 /* Player.swift */,
				3FA016B02B28C57D0063F3DD /* BlackjackGameViewModel.swift */,
				3FA016842B28B1E50063F3DD /* Assets.xcassets */,
				3FA016862B28B1E50063F3DD /* Preview Content */,
				3FD729642B31EE4F00DABFE8 /* DeckVIew.swift */,
				3F3BE6112B54024300999B9C /* MenuButtons.swift */,
				3FFCA91A2B560B1E00F71441 /* ResetButtons.swift */,
				3FF752992B55B6E100366A05 /* PlayerHand.swift */,
			);
			path = BlackjackAndHookers;
			sourceTree = "<group>";
		};
		3FA016862B28B1E50063F3DD /* Preview Content */ = {
			isa = PBXGroup;
			children = (
				3FA016872B28B1E50063F3DD /* Preview Assets.xcassets */,
			);
			path = "Preview Content";
			sourceTree = "<group>";
		};
		3FA016902B28B1E50063F3DD /* BlackjackAndHookersTests */ = {
			isa = PBXGroup;
			children = (
				3FA016912B28B1E50063F3DD /* BlackjackAndHookersTests.swift */,
			);
			path = BlackjackAndHookersTests;
			sourceTree = "<group>";
		};
		3FA0169A2B28B1E50063F3DD /* BlackjackAndHookersUITests */ = {
			isa = PBXGroup;
			children = (
				3FA0169B2B28B1E50063F3DD /* BlackjackAndHookersUITests.swift */,
				3FA0169D2B28B1E50063F3DD /* BlackjackAndHookersUITestsLaunchTests.swift */,
			);
			path = BlackjackAndHookersUITests;
			sourceTree = "<group>";
		};
/* End PBXGroup section */

/* Begin PBXNativeTarget section */
		3FA0167C2B28B1E40063F3DD /* BlackjackAndHookers */ = {
			isa = PBXNativeTarget;
			buildConfigurationList = 3FA016A12B28B1E50063F3DD /* Build configuration list for PBXNativeTarget "BlackjackAndHookers" */;
			buildPhases = (
				3FA016792B28B1E40063F3DD /* Sources */,
				3FA0167A2B28B1E40063F3DD /* Frameworks */,
				3FA0167B2B28B1E40063F3DD /* Resources */,
			);
			buildRules = (
			);
			dependencies = (
			);
			name = BlackjackAndHookers;
			productName = BlackjackAndHookers;
			productReference = 3FA0167D2B28B1E40063F3DD /* BlackjackAndHookers.app */;
			productType = "com.apple.product-type.application";
		};
		3FA0168C2B28B1E50063F3DD /* BlackjackAndHookersTests */ = {
			isa = PBXNativeTarget;
			buildConfigurationList = 3FA016A42B28B1E50063F3DD /* Build configuration list for PBXNativeTarget "BlackjackAndHookersTests" */;
			buildPhases = (
				3FA016892B28B1E50063F3DD /* Sources */,
				3FA0168A2B28B1E50063F3DD /* Frameworks */,
				3FA0168B2B28B1E50063F3DD /* Resources */,
			);
			buildRules = (
			);
			dependencies = (
				3FA0168F2B28B1E50063F3DD /* PBXTargetDependency */,
			);
			name = BlackjackAndHookersTests;
			productName = BlackjackAndHookersTests;
			productReference = 3FA0168D2B28B1E50063F3DD /* BlackjackAndHookersTests.xctest */;
			productType = "com.apple.product-type.bundle.unit-test";
		};
		3FA016962B28B1E50063F3DD /* BlackjackAndHookersUITests */ = {
			isa = PBXNativeTarget;
			buildConfigurationList = 3FA016A72B28B1E50063F3DD /* Build configuration list for PBXNativeTarget "BlackjackAndHookersUITests" */;
			buildPhases = (
				3FA016932B28B1E50063F3DD /* Sources */,
				3FA016942B28B1E50063F3DD /* Frameworks */,
				3FA016952B28B1E50063F3DD /* Resources */,
			);
			buildRules = (
			);
			dependencies = (
				3FA016992B28B1E50063F3DD /* PBXTargetDependency */,
			);
			name = BlackjackAndHookersUITests;
			productName = BlackjackAndHookersUITests;
			productReference = 3FA016972B28B1E50063F3DD /* BlackjackAndHookersUITests.xctest */;
			productType = "com.apple.product-type.bundle.ui-testing";
		};
/* End PBXNativeTarget section */

/* Begin PBXProject section */
		3FA016752B28B1E40063F3DD /* Project object */ = {
			isa = PBXProject;
			attributes = {
				BuildIndependentTargetsInParallel = 1;
				LastSwiftUpdateCheck = 1500;
				LastUpgradeCheck = 1500;
				TargetAttributes = {
					3FA0167C2B28B1E40063F3DD = {
						CreatedOnToolsVersion = 15.0;
					};
					3FA0168C2B28B1E50063F3DD = {
						CreatedOnToolsVersion = 15.0;
						TestTargetID = 3FA0167C2B28B1E40063F3DD;
					};
					3FA016962B28B1E50063F3DD = {
						CreatedOnToolsVersion = 15.0;
						TestTargetID = 3FA0167C2B28B1E40063F3DD;
					};
				};
			};
			buildConfigurationList = 3FA016782B28B1E40063F3DD /* Build configuration list for PBXProject "BlackjackAndHookers" */;
			compatibilityVersion = "Xcode 14.0";
			developmentRegion = en;
			hasScannedForEncodings = 0;
			knownRegions = (
				en,
				Base,
			);
			mainGroup = 3FA016742B28B1E40063F3DD;
			productRefGroup = 3FA0167E2B28B1E40063F3DD /* Products */;
			projectDirPath = "";
			projectRoot = "";
			targets = (
				3FA0167C2B28B1E40063F3DD /* BlackjackAndHookers */,
				3FA0168C2B28B1E50063F3DD /* BlackjackAndHookersTests */,
				3FA016962B28B1E50063F3DD /* BlackjackAndHookersUITests */,
			);
		};
/* End PBXProject section */

/* Begin PBXResourcesBuildPhase section */
		3FA0167B2B28B1E40063F3DD /* Resources */ = {
			isa = PBXResourcesBuildPhase;
			buildActionMask = 2147483647;
			files = (
				3FA016882B28B1E50063F3DD /* Preview Assets.xcassets in Resources */,
				3FA016852B28B1E50063F3DD /* Assets.xcassets in Resources */,
			);
			runOnlyForDeploymentPostprocessing = 0;
		};
		3FA0168B2B28B1E50063F3DD /* Resources */ = {
			isa = PBXResourcesBuildPhase;
			buildActionMask = 2147483647;
			files = (
			);
			runOnlyForDeploymentPostprocessing = 0;
		};
		3FA016952B28B1E50063F3DD /* Resources */ = {
			isa = PBXResourcesBuildPhase;
			buildActionMask = 2147483647;
			files = (
			);
			runOnlyForDeploymentPostprocessing = 0;
		};
/* End PBXResourcesBuildPhase section */

/* Begin PBXSourcesBuildPhase section */
		3FA016792B28B1E40063F3DD /* Sources */ = {
			isa = PBXSourcesBuildPhase;
			buildActionMask = 2147483647;
			files = (
				3F3BE6122B54024300999B9C /* MenuButtons.swift in Sources */,
				3FFCA9192B55FC6600F71441 /* DealerHand.swift in Sources */,
				3FA016832B28B1E40063F3DD /* ContentView.swift in Sources */,
				3FFCA91B2B560B1E00F71441 /* ResetButtons.swift in Sources */,
				3FA016AF2B28BF140063F3DD /* BlackjackGameView.swift in Sources */,
				3FF7529A2B55B6E100366A05 /* PlayerHand.swift in Sources */,
				3FD729652B31EE4F00DABFE8 /* DeckVIew.swift in Sources */,
				3FA016812B28B1E40063F3DD /* BlackjackAndHookersApp.swift in Sources */,
				3FA016B12B28C57D0063F3DD /* BlackjackGameViewModel.swift in Sources */,
				3FA016AD2B28B7370063F3DD /* CardView.swift in Sources */,
				3F6B1B0E2B548D24001A68D3 /* Player.swift in Sources */,
				3FA016AB2B28B4970063F3DD /* TitleScreen.swift in Sources */,
			);
			runOnlyForDeploymentPostprocessing = 0;
		};
		3FA016892B28B1E50063F3DD /* Sources */ = {
			isa = PBXSourcesBuildPhase;
			buildActionMask = 2147483647;
			files = (
				3FA016922B28B1E50063F3DD /* BlackjackAndHookersTests.swift in Sources */,
			);
			runOnlyForDeploymentPostprocessing = 0;
		};
		3FA016932B28B1E50063F3DD /* Sources */ = {
			isa = PBXSourcesBuildPhase;
			buildActionMask = 2147483647;
			files = (
				3FA0169C2B28B1E50063F3DD /* BlackjackAndHookersUITests.swift in Sources */,
				3FA0169E2B28B1E50063F3DD /* BlackjackAndHookersUITestsLaunchTests.swift in Sources */,
			);
			runOnlyForDeploymentPostprocessing = 0;
		};
/* End PBXSourcesBuildPhase section */

/* Begin PBXTargetDependency section */
		3FA0168F2B28B1E50063F3DD /* PBXTargetDependency */ = {
			isa = PBXTargetDependency;
			target = 3FA0167C2B28B1E40063F3DD /* BlackjackAndHookers */;
			targetProxy = 3FA0168E2B28B1E50063F3DD /* PBXContainerItemProxy */;
		};
		3FA016992B28B1E50063F3DD /* PBXTargetDependency */ = {
			isa = PBXTargetDependency;
			target = 3FA0167C2B28B1E40063F3DD /* BlackjackAndHookers */;
			targetProxy = 3FA016982B28B1E50063F3DD /* PBXContainerItemProxy */;
		};
/* End PBXTargetDependency section */

/* Begin XCBuildConfiguration section */
		3FA0169F2B28B1E50063F3DD /* Debug */ = {
			isa = XCBuildConfiguration;
			buildSettings = {
				ALWAYS_SEARCH_USER_PATHS = NO;
				ASSETCATALOG_COMPILER_GENERATE_SWIFT_ASSET_SYMBOL_EXTENSIONS = YES;
				CLANG_ANALYZER_NONNULL = YES;
				CLANG_ANALYZER_NUMBER_OBJECT_CONVERSION = YES_AGGRESSIVE;
				CLANG_CXX_LANGUAGE_STANDARD = "gnu++20";
				CLANG_ENABLE_MODULES = YES;
				CLANG_ENABLE_OBJC_ARC = YES;
				CLANG_ENABLE_OBJC_WEAK = YES;
				CLANG_WARN_BLOCK_CAPTURE_AUTORELEASING = YES;
				CLANG_WARN_BOOL_CONVERSION = YES;
				CLANG_WARN_COMMA = YES;
				CLANG_WARN_CONSTANT_CONVERSION = YES;
				CLANG_WARN_DEPRECATED_OBJC_IMPLEMENTATIONS = YES;
				CLANG_WARN_DIRECT_OBJC_ISA_USAGE = YES_ERROR;
				CLANG_WARN_DOCUMENTATION_COMMENTS = YES;
				CLANG_WARN_EMPTY_BODY = YES;
				CLANG_WARN_ENUM_CONVERSION = YES;
				CLANG_WARN_INFINITE_RECURSION = YES;
				CLANG_WARN_INT_CONVERSION = YES;
				CLANG_WARN_NON_LITERAL_NULL_CONVERSION = YES;
				CLANG_WARN_OBJC_IMPLICIT_RETAIN_SELF = YES;
				CLANG_WARN_OBJC_LITERAL_CONVERSION = YES;
				CLANG_WARN_OBJC_ROOT_CLASS = YES_ERROR;
				CLANG_WARN_QUOTED_INCLUDE_IN_FRAMEWORK_HEADER = YES;
				CLANG_WARN_RANGE_LOOP_ANALYSIS = YES;
				CLANG_WARN_STRICT_PROTOTYPES = YES;
				CLANG_WARN_SUSPICIOUS_MOVE = YES;
				CLANG_WARN_UNGUARDED_AVAILABILITY = YES_AGGRESSIVE;
				CLANG_WARN_UNREACHABLE_CODE = YES;
				CLANG_WARN__DUPLICATE_METHOD_MATCH = YES;
				COPY_PHASE_STRIP = NO;
				DEBUG_INFORMATION_FORMAT = dwarf;
				ENABLE_STRICT_OBJC_MSGSEND = YES;
				ENABLE_TESTABILITY = YES;
				ENABLE_USER_SCRIPT_SANDBOXING = YES;
				GCC_C_LANGUAGE_STANDARD = gnu17;
				GCC_DYNAMIC_NO_PIC = NO;
				GCC_NO_COMMON_BLOCKS = YES;
				GCC_OPTIMIZATION_LEVEL = 0;
				GCC_PREPROCESSOR_DEFINITIONS = (
					"DEBUG=1",
					"$(inherited)",
				);
				GCC_WARN_64_TO_32_BIT_CONVERSION = YES;
				GCC_WARN_ABOUT_RETURN_TYPE = YES_ERROR;
				GCC_WARN_UNDECLARED_SELECTOR = YES;
				GCC_WARN_UNINITIALIZED_AUTOS = YES_AGGRESSIVE;
				GCC_WARN_UNUSED_FUNCTION = YES;
				GCC_WARN_UNUSED_VARIABLE = YES;
				IPHONEOS_DEPLOYMENT_TARGET = 17.0;
				LOCALIZATION_PREFERS_STRING_CATALOGS = YES;
				MTL_ENABLE_DEBUG_INFO = INCLUDE_SOURCE;
				MTL_FAST_MATH = YES;
				ONLY_ACTIVE_ARCH = YES;
				SDKROOT = iphoneos;
				SWIFT_ACTIVE_COMPILATION_CONDITIONS = "DEBUG $(inherited)";
				SWIFT_OPTIMIZATION_LEVEL = "-Onone";
			};
			name = Debug;
		};
		3FA016A02B28B1E50063F3DD /* Release */ = {
			isa = XCBuildConfiguration;
			buildSettings = {
				ALWAYS_SEARCH_USER_PATHS = NO;
				ASSETCATALOG_COMPILER_GENERATE_SWIFT_ASSET_SYMBOL_EXTENSIONS = YES;
				CLANG_ANALYZER_NONNULL = YES;
				CLANG_ANALYZER_NUMBER_OBJECT_CONVERSION = YES_AGGRESSIVE;
				CLANG_CXX_LANGUAGE_STANDARD = "gnu++20";
				CLANG_ENABLE_MODULES = YES;
				CLANG_ENABLE_OBJC_ARC = YES;
				CLANG_ENABLE_OBJC_WEAK = YES;
				CLANG_WARN_BLOCK_CAPTURE_AUTORELEASING = YES;
				CLANG_WARN_BOOL_CONVERSION = YES;
				CLANG_WARN_COMMA = YES;
				CLANG_WARN_CONSTANT_CONVERSION = YES;
				CLANG_WARN_DEPRECATED_OBJC_IMPLEMENTATIONS = YES;
				CLANG_WARN_DIRECT_OBJC_ISA_USAGE = YES_ERROR;
				CLANG_WARN_DOCUMENTATION_COMMENTS = YES;
				CLANG_WARN_EMPTY_BODY = YES;
				CLANG_WARN_ENUM_CONVERSION = YES;
				CLANG_WARN_INFINITE_RECURSION = YES;
				CLANG_WARN_INT_CONVERSION = YES;
				CLANG_WARN_NON_LITERAL_NULL_CONVERSION = YES;
				CLANG_WARN_OBJC_IMPLICIT_RETAIN_SELF = YES;
				CLANG_WARN_OBJC_LITERAL_CONVERSION = YES;
				CLANG_WARN_OBJC_ROOT_CLASS = YES_ERROR;
				CLANG_WARN_QUOTED_INCLUDE_IN_FRAMEWORK_HEADER = YES;
				CLANG_WARN_RANGE_LOOP_ANALYSIS = YES;
				CLANG_WARN_STRICT_PROTOTYPES = YES;
				CLANG_WARN_SUSPICIOUS_MOVE = YES;
				CLANG_WARN_UNGUARDED_AVAILABILITY = YES_AGGRESSIVE;
				CLANG_WARN_UNREACHABLE_CODE = YES;
				CLANG_WARN__DUPLICATE_METHOD_MATCH = YES;
				COPY_PHASE_STRIP = NO;
				DEBUG_INFORMATION_FORMAT = "dwarf-with-dsym";
				ENABLE_NS_ASSERTIONS = NO;
				ENABLE_STRICT_OBJC_MSGSEND = YES;
				ENABLE_USER_SCRIPT_SANDBOXING = YES;
				GCC_C_LANGUAGE_STANDARD = gnu17;
				GCC_NO_COMMON_BLOCKS = YES;
				GCC_WARN_64_TO_32_BIT_CONVERSION = YES;
				GCC_WARN_ABOUT_RETURN_TYPE = YES_ERROR;
				GCC_WARN_UNDECLARED_SELECTOR = YES;
				GCC_WARN_UNINITIALIZED_AUTOS = YES_AGGRESSIVE;
				GCC_WARN_UNUSED_FUNCTION = YES;
				GCC_WARN_UNUSED_VARIABLE = YES;
				IPHONEOS_DEPLOYMENT_TARGET = 17.0;
				LOCALIZATION_PREFERS_STRING_CATALOGS = YES;
				MTL_ENABLE_DEBUG_INFO = NO;
				MTL_FAST_MATH = YES;
				SDKROOT = iphoneos;
				SWIFT_COMPILATION_MODE = wholemodule;
				VALIDATE_PRODUCT = YES;
			};
			name = Release;
		};
		3FA016A22B28B1E50063F3DD /* Debug */ = {
			isa = XCBuildConfiguration;
			buildSettings = {
				ASSETCATALOG_COMPILER_APPICON_NAME = AppIcon;
				ASSETCATALOG_COMPILER_GLOBAL_ACCENT_COLOR_NAME = AccentColor;
				CODE_SIGN_STYLE = Automatic;
				CURRENT_PROJECT_VERSION = 1;
				DEVELOPMENT_ASSET_PATHS = "\"BlackjackAndHookers/Preview Content\"";
				ENABLE_PREVIEWS = YES;
				GENERATE_INFOPLIST_FILE = YES;
				INFOPLIST_KEY_UIApplicationSceneManifest_Generation = YES;
				INFOPLIST_KEY_UIApplicationSupportsIndirectInputEvents = YES;
				INFOPLIST_KEY_UILaunchScreen_Generation = YES;
				INFOPLIST_KEY_UISupportedInterfaceOrientations_iPad = "UIInterfaceOrientationPortrait UIInterfaceOrientationPortraitUpsideDown UIInterfaceOrientationLandscapeLeft UIInterfaceOrientationLandscapeRight";
				INFOPLIST_KEY_UISupportedInterfaceOrientations_iPhone = "UIInterfaceOrientationPortrait UIInterfaceOrientationLandscapeLeft UIInterfaceOrientationLandscapeRight";
				LD_RUNPATH_SEARCH_PATHS = (
					"$(inherited)",
					"@executable_path/Frameworks",
				);
				MARKETING_VERSION = 1.0;
				PRODUCT_BUNDLE_IDENTIFIER = pl.pollub.BlackjackAndHookers;
				PRODUCT_NAME = "$(TARGET_NAME)";
				SWIFT_EMIT_LOC_STRINGS = YES;
				SWIFT_VERSION = 5.0;
				TARGETED_DEVICE_FAMILY = "1,2";
			};
			name = Debug;
		};
		3FA016A32B28B1E50063F3DD /* Release */ = {
			isa = XCBuildConfiguration;
			buildSettings = {
				ASSETCATALOG_COMPILER_APPICON_NAME = AppIcon;
				ASSETCATALOG_COMPILER_GLOBAL_ACCENT_COLOR_NAME = AccentColor;
				CODE_SIGN_STYLE = Automatic;
				CURRENT_PROJECT_VERSION = 1;
				DEVELOPMENT_ASSET_PATHS = "\"BlackjackAndHookers/Preview Content\"";
				ENABLE_PREVIEWS = YES;
				GENERATE_INFOPLIST_FILE = YES;
				INFOPLIST_KEY_UIApplicationSceneManifest_Generation = YES;
				INFOPLIST_KEY_UIApplicationSupportsIndirectInputEvents = YES;
				INFOPLIST_KEY_UILaunchScreen_Generation = YES;
				INFOPLIST_KEY_UISupportedInterfaceOrientations_iPad = "UIInterfaceOrientationPortrait UIInterfaceOrientationPortraitUpsideDown UIInterfaceOrientationLandscapeLeft UIInterfaceOrientationLandscapeRight";
				INFOPLIST_KEY_UISupportedInterfaceOrientations_iPhone = "UIInterfaceOrientationPortrait UIInterfaceOrientationLandscapeLeft UIInterfaceOrientationLandscapeRight";
				LD_RUNPATH_SEARCH_PATHS = (
					"$(inherited)",
					"@executable_path/Frameworks",
				);
				MARKETING_VERSION = 1.0;
				PRODUCT_BUNDLE_IDENTIFIER = pl.pollub.BlackjackAndHookers;
				PRODUCT_NAME = "$(TARGET_NAME)";
				SWIFT_EMIT_LOC_STRINGS = YES;
				SWIFT_VERSION = 5.0;
				TARGETED_DEVICE_FAMILY = "1,2";
			};
			name = Release;
		};
		3FA016A52B28B1E50063F3DD /* Debug */ = {
			isa = XCBuildConfiguration;
			buildSettings = {
				ALWAYS_EMBED_SWIFT_STANDARD_LIBRARIES = YES;
				BUNDLE_LOADER = "$(TEST_HOST)";
				CODE_SIGN_STYLE = Automatic;
				CURRENT_PROJECT_VERSION = 1;
				GENERATE_INFOPLIST_FILE = YES;
				IPHONEOS_DEPLOYMENT_TARGET = 17.0;
				MARKETING_VERSION = 1.0;
				PRODUCT_BUNDLE_IDENTIFIER = pl.pollub.BlackjackAndHookersTests;
				PRODUCT_NAME = "$(TARGET_NAME)";
				SWIFT_EMIT_LOC_STRINGS = NO;
				SWIFT_VERSION = 5.0;
				TARGETED_DEVICE_FAMILY = "1,2";
				TEST_HOST = "$(BUILT_PRODUCTS_DIR)/BlackjackAndHookers.app/$(BUNDLE_EXECUTABLE_FOLDER_PATH)/BlackjackAndHookers";
			};
			name = Debug;
		};
		3FA016A62B28B1E50063F3DD /* Release */ = {
			isa = XCBuildConfiguration;
			buildSettings = {
				ALWAYS_EMBED_SWIFT_STANDARD_LIBRARIES = YES;
				BUNDLE_LOADER = "$(TEST_HOST)";
				CODE_SIGN_STYLE = Automatic;
				CURRENT_PROJECT_VERSION = 1;
				GENERATE_INFOPLIST_FILE = YES;
				IPHONEOS_DEPLOYMENT_TARGET = 17.0;
				MARKETING_VERSION = 1.0;
				PRODUCT_BUNDLE_IDENTIFIER = pl.pollub.BlackjackAndHookersTests;
				PRODUCT_NAME = "$(TARGET_NAME)";
				SWIFT_EMIT_LOC_STRINGS = NO;
				SWIFT_VERSION = 5.0;
				TARGETED_DEVICE_FAMILY = "1,2";
				TEST_HOST = "$(BUILT_PRODUCTS_DIR)/BlackjackAndHookers.app/$(BUNDLE_EXECUTABLE_FOLDER_PATH)/BlackjackAndHookers";
			};
			name = Release;
		};
		3FA016A82B28B1E50063F3DD /* Debug */ = {
			isa = XCBuildConfiguration;
			buildSettings = {
				ALWAYS_EMBED_SWIFT_STANDARD_LIBRARIES = YES;
				CODE_SIGN_STYLE = Automatic;
				CURRENT_PROJECT_VERSION = 1;
				GENERATE_INFOPLIST_FILE = YES;
				MARKETING_VERSION = 1.0;
				PRODUCT_BUNDLE_IDENTIFIER = pl.pollub.BlackjackAndHookersUITests;
				PRODUCT_NAME = "$(TARGET_NAME)";
				SWIFT_EMIT_LOC_STRINGS = NO;
				SWIFT_VERSION = 5.0;
				TARGETED_DEVICE_FAMILY = "1,2";
				TEST_TARGET_NAME = BlackjackAndHookers;
			};
			name = Debug;
		};
		3FA016A92B28B1E50063F3DD /* Release */ = {
			isa = XCBuildConfiguration;
			buildSettings = {
				ALWAYS_EMBED_SWIFT_STANDARD_LIBRARIES = YES;
				CODE_SIGN_STYLE = Automatic;
				CURRENT_PROJECT_VERSION = 1;
				GENERATE_INFOPLIST_FILE = YES;
				MARKETING_VERSION = 1.0;
				PRODUCT_BUNDLE_IDENTIFIER = pl.pollub.BlackjackAndHookersUITests;
				PRODUCT_NAME = "$(TARGET_NAME)";
				SWIFT_EMIT_LOC_STRINGS = NO;
				SWIFT_VERSION = 5.0;
				TARGETED_DEVICE_FAMILY = "1,2";
				TEST_TARGET_NAME = BlackjackAndHookers;
			};
			name = Release;
		};
/* End XCBuildConfiguration section */

/* Begin XCConfigurationList section */
		3FA016782B28B1E40063F3DD /* Build configuration list for PBXProject "BlackjackAndHookers" */ = {
			isa = XCConfigurationList;
			buildConfigurations = (
				3FA0169F2B28B1E50063F3DD /* Debug */,
				3FA016A02B28B1E50063F3DD /* Release */,
			);
			defaultConfigurationIsVisible = 0;
			defaultConfigurationName = Release;
		};
		3FA016A12B28B1E50063F3DD /* Build configuration list for PBXNativeTarget "BlackjackAndHookers" */ = {
			isa = XCConfigurationList;
			buildConfigurations = (
				3FA016A22B28B1E50063F3DD /* Debug */,
				3FA016A32B28B1E50063F3DD /* Release */,
			);
			defaultConfigurationIsVisible = 0;
			defaultConfigurationName = Release;
		};
		3FA016A42B28B1E50063F3DD /* Build configuration list for PBXNativeTarget "BlackjackAndHookersTests" */ = {
			isa = XCConfigurationList;
			buildConfigurations = (
				3FA016A52B28B1E50063F3DD /* Debug */,
				3FA016A62B28B1E50063F3DD /* Release */,
			);
			defaultConfigurationIsVisible = 0;
			defaultConfigurationName = Release;
		};
		3FA016A72B28B1E50063F3DD /* Build configuration list for PBXNativeTarget "BlackjackAndHookersUITests" */ = {
			isa = XCConfigurationList;
			buildConfigurations = (
				3FA016A82B28B1E50063F3DD /* Debug */,
				3FA016A92B28B1E50063F3DD /* Release */,
			);
			defaultConfigurationIsVisible = 0;
			defaultConfigurationName = Release;
		};
/* End XCConfigurationList section */
	};
	rootObject = 3FA016752B28B1E40063F3DD /* Project object */;
}
